
Microsoft Visual Studio Solution File, Format Version 12.00
# Visual Studio 15
VisualStudioVersion = 15.0.27703.2026
MinimumVisualStudioVersion = 10.0.40219.1
Project("{FAE04EC0-301F-11D3-BF4B-00C04F79EFBC}") = "SyncfusionChartXamarinForms.Android", "SyncfusionChartXamarinForms\SyncfusionChartXamarinForms.Android\SyncfusionChartXamarinForms.Android.csproj", "{A9479D35-CB68-4C87-AF9F-563C042912A1}"
EndProject
Project("{FAE04EC0-301F-11D3-BF4B-00C04F79EFBC}") = "SyncfusionChartXamarinForms.iOS", "SyncfusionChartXamarinForms\SyncfusionChartXamarinForms.iOS\SyncfusionChartXamarinForms.iOS.csproj", "{D7AB7161-30C8-4FE0-9919-396376D7EF86}"
EndProject
Project("{FAE04EC0-301F-11D3-BF4B-00C04F79EFBC}") = "SyncfusionChartXamarinForms.UWP", "SyncfusionChartXamarinForms\SyncfusionChartXamarinForms.UWP\SyncfusionChartXamarinForms.UWP.csproj", "{E444716F-A610-49EF-9645-0B72103627AF}"
EndProject
Project("{FAE04EC0-301F-11D3-BF4B-00C04F79EFBC}") = "SyncfusionChartXamarinForms", "SyncfusionChartXamarinForms\SyncfusionChartXamarinForms\SyncfusionChartXamarinForms.csproj", "{0ACE60B2-1E08-4D95-9BA3-A41F604ADC70}"
EndProject
Global
	GlobalSection(SolutionConfigurationPlatforms) = preSolution
		Ad-Hoc|Any CPU = Ad-Hoc|Any CPU
		Ad-Hoc|ARM = Ad-Hoc|ARM
		Ad-Hoc|iPhone = Ad-Hoc|iPhone
		Ad-Hoc|iPhoneSimulator = Ad-Hoc|iPhoneSimulator
		Ad-Hoc|x64 = Ad-Hoc|x64
		Ad-Hoc|x86 = Ad-Hoc|x86
		AppStore|Any CPU = AppStore|Any CPU
		AppStore|ARM = AppStore|ARM
		AppStore|iPhone = AppStore|iPhone
		AppStore|iPhoneSimulator = AppStore|iPhoneSimulator
		AppStore|x64 = AppStore|x64
		AppStore|x86 = AppStore|x86
		Debug|Any CPU = Debug|Any CPU
		Debug|ARM = Debug|ARM
		Debug|iPhone = Debug|iPhone
		Debug|iPhoneSimulator = Debug|iPhoneSimulator
		Debug|x64 = Debug|x64
		Debug|x86 = Debug|x86
		Release|Any CPU = Release|Any CPU
		Release|ARM = Release|ARM
		Release|iPhone = Release|iPhone
		Release|iPhoneSimulator = Release|iPhoneSimulator
		Release|x64 = Release|x64
		Release|x86 = Release|x86
	EndGlobalSection
	GlobalSection(ProjectConfigurationPlatforms) = postSolution
		{A9479D35-CB68-4C87-AF9F-563C042912A1}.Ad-Hoc|Any CPU.ActiveCfg = Release|Any CPU
		{A9479D35-CB68-4C87-AF9F-563C042912A1}.Ad-Hoc|Any CPU.Build.0 = Release|Any CPU
		{A9479D35-CB68-4C87-AF9F-563C042912A1}.Ad-Hoc|Any CPU.Deploy.0 = Release|Any CPU
		{A9479D35-CB68-4C87-AF9F-563C042912A1}.Ad-Hoc|ARM.ActiveCfg = Release|Any CPU
		{A9479D35-CB68-4C87-AF9F-563C042912A1}.Ad-Hoc|ARM.Build.0 = Release|Any CPU
		{A9479D35-CB68-4C87-AF9F-563C042912A1}.Ad-Hoc|ARM.Deploy.0 = Release|Any CPU
		{A9479D35-CB68-4C87-AF9F-563C042912A1}.Ad-Hoc|iPhone.ActiveCfg = Release|Any CPU
		{A9479D35-CB68-4C87-AF9F-563C042912A1}.Ad-Hoc|iPhone.Build.0 = Release|Any CPU
		{A9479D35-CB68-4C87-AF9F-563C042912A1}.Ad-Hoc|iPhone.Deploy.0 = Release|Any CPU
		{A9479D35-CB68-4C87-AF9F-563C042912A1}.Ad-Hoc|iPhoneSimulator.ActiveCfg = Release|Any CPU
		{A9479D35-CB68-4C87-AF9F-563C042912A1}.Ad-Hoc|iPhoneSimulator.Build.0 = Release|Any CPU
		{A9479D35-CB68-4C87-AF9F-563C042912A1}.Ad-Hoc|iPhoneSimulator.Deploy.0 = Release|Any CPU
		{A9479D35-CB68-4C87-AF9F-563C042912A1}.Ad-Hoc|x64.ActiveCfg = Release|Any CPU
		{A9479D35-CB68-4C87-AF9F-563C042912A1}.Ad-Hoc|x64.Build.0 = Release|Any CPU
		{A9479D35-CB68-4C87-AF9F-563C042912A1}.Ad-Hoc|x64.Deploy.0 = Release|Any CPU
		{A9479D35-CB68-4C87-AF9F-563C042912A1}.Ad-Hoc|x86.ActiveCfg = Release|Any CPU
		{A9479D35-CB68-4C87-AF9F-563C042912A1}.Ad-Hoc|x86.Build.0 = Release|Any CPU
		{A9479D35-CB68-4C87-AF9F-563C042912A1}.Ad-Hoc|x86.Deploy.0 = Release|Any CPU
		{A9479D35-CB68-4C87-AF9F-563C042912A1}.AppStore|Any CPU.ActiveCfg = Release|Any CPU
		{A9479D35-CB68-4C87-AF9F-563C042912A1}.AppStore|Any CPU.Build.0 = Release|Any CPU
		{A9479D35-CB68-4C87-AF9F-563C042912A1}.AppStore|Any CPU.Deploy.0 = Release|Any CPU
		{A9479D35-CB68-4C87-AF9F-563C042912A1}.AppStore|ARM.ActiveCfg = Release|Any CPU
		{A9479D35-CB68-4C87-AF9F-563C042912A1}.AppStore|ARM.Build.0 = Release|Any CPU
		{A9479D35-CB68-4C87-AF9F-563C042912A1}.AppStore|ARM.Deploy.0 = Release|Any CPU
		{A9479D35-CB68-4C87-AF9F-563C042912A1}.AppStore|iPhone.ActiveCfg = Release|Any CPU
		{A9479D35-CB68-4C87-AF9F-563C042912A1}.AppStore|iPhone.Build.0 = Release|Any CPU
		{A9479D35-CB68-4C87-AF9F-563C042912A1}.AppStore|iPhone.Deploy.0 = Release|Any CPU
		{A9479D35-CB68-4C87-AF9F-563C042912A1}.AppStore|iPhoneSimulator.ActiveCfg = Release|Any CPU
		{A9479D35-CB68-4C87-AF9F-563C042912A1}.AppStore|iPhoneSimulator.Build.0 = Release|Any CPU
		{A9479D35-CB68-4C87-AF9F-563C042912A1}.AppStore|iPhoneSimulator.Deploy.0 = Release|Any CPU
		{A9479D35-CB68-4C87-AF9F-563C042912A1}.AppStore|x64.ActiveCfg = Release|Any CPU
		{A9479D35-CB68-4C87-AF9F-563C042912A1}.AppStore|x64.Build.0 = Release|Any CPU
		{A9479D35-CB68-4C87-AF9F-563C042912A1}.AppStore|x64.Deploy.0 = Release|Any CPU
		{A9479D35-CB68-4C87-AF9F-563C042912A1}.AppStore|x86.ActiveCfg = Release|Any CPU
		{A9479D35-CB68-4C87-AF9F-563C042912A1}.AppStore|x86.Build.0 = Release|Any CPU
		{A9479D35-CB68-4C87-AF9F-563C042912A1}.AppStore|x86.Deploy.0 = Release|Any CPU
		{A9479D35-CB68-4C87-AF9F-563C042912A1}.Debug|Any CPU.ActiveCfg = Debug|Any CPU
		{A9479D35-CB68-4C87-AF9F-563C042912A1}.Debug|Any CPU.Build.0 = Debug|Any CPU
		{A9479D35-CB68-4C87-AF9F-563C042912A1}.Debug|Any CPU.Deploy.0 = Debug|Any CPU
		{A9479D35-CB68-4C87-AF9F-563C042912A1}.Debug|ARM.ActiveCfg = Debug|Any CPU
		{A9479D35-CB68-4C87-AF9F-563C042912A1}.Debug|ARM.Build.0 = Debug|Any CPU
		{A9479D35-CB68-4C87-AF9F-563C042912A1}.Debug|ARM.Deploy.0 = Debug|Any CPU
		{A9479D35-CB68-4C87-AF9F-563C042912A1}.Debug|iPhone.ActiveCfg = Debug|Any CPU
		{A9479D35-CB68-4C87-AF9F-563C042912A1}.Debug|iPhone.Build.0 = Debug|Any CPU
		{A9479D35-CB68-4C87-AF9F-563C042912A1}.Debug|iPhone.Deploy.0 = Debug|Any CPU
		{A9479D35-CB68-4C87-AF9F-563C042912A1}.Debug|iPhoneSimulator.ActiveCfg = Debug|Any CPU
		{A9479D35-CB68-4C87-AF9F-563C042912A1}.Debug|iPhoneSimulator.Build.0 = Debug|Any CPU
		{A9479D35-CB68-4C87-AF9F-563C042912A1}.Debug|iPhoneSimulator.Deploy.0 = Debug|Any CPU
		{A9479D35-CB68-4C87-AF9F-563C042912A1}.Debug|x64.ActiveCfg = Debug|Any CPU
		{A9479D35-CB68-4C87-AF9F-563C042912A1}.Debug|x64.Build.0 = Debug|Any CPU
		{A9479D35-CB68-4C87-AF9F-563C042912A1}.Debug|x64.Deploy.0 = Debug|Any CPU
		{A9479D35-CB68-4C87-AF9F-563C042912A1}.Debug|x86.ActiveCfg = Debug|Any CPU
		{A9479D35-CB68-4C87-AF9F-563C042912A1}.Debug|x86.Build.0 = Debug|Any CPU
		{A9479D35-CB68-4C87-AF9F-563C042912A1}.Debug|x86.Deploy.0 = Debug|Any CPU
		{A9479D35-CB68-4C87-AF9F-563C042912A1}.Release|Any CPU.ActiveCfg = Release|Any CPU
		{A9479D35-CB68-4C87-AF9F-563C042912A1}.Release|Any CPU.Build.0 = Release|Any CPU
		{A9479D35-CB68-4C87-AF9F-563C042912A1}.Release|Any CPU.Deploy.0 = Release|Any CPU
		{A9479D35-CB68-4C87-AF9F-563C042912A1}.Release|ARM.ActiveCfg = Release|Any CPU
		{A9479D35-CB68-4C87-AF9F-563C042912A1}.Release|ARM.Build.0 = Release|Any CPU
		{A9479D35-CB68-4C87-AF9F-563C042912A1}.Release|ARM.Deploy.0 = Release|Any CPU
		{A9479D35-CB68-4C87-AF9F-563C042912A1}.Release|iPhone.ActiveCfg = Release|Any CPU
		{A9479D35-CB68-4C87-AF9F-563C042912A1}.Release|iPhone.Build.0 = Release|Any CPU
		{A9479D35-CB68-4C87-AF9F-563C042912A1}.Release|iPhone.Deploy.0 = Release|Any CPU
		{A9479D35-CB68-4C87-AF9F-563C042912A1}.Release|iPhoneSimulator.ActiveCfg = Release|Any CPU
		{A9479D35-CB68-4C87-AF9F-563C042912A1}.Release|iPhoneSimulator.Build.0 = Release|Any CPU
		{A9479D35-CB68-4C87-AF9F-563C042912A1}.Release|iPhoneSimulator.Deploy.0 = Release|Any CPU
		{A9479D35-CB68-4C87-AF9F-563C042912A1}.Release|x64.ActiveCfg = Release|Any CPU
		{A9479D35-CB68-4C87-AF9F-563C042912A1}.Release|x64.Build.0 = Release|Any CPU
		{A9479D35-CB68-4C87-AF9F-563C042912A1}.Release|x64.Deploy.0 = Release|Any CPU
		{A9479D35-CB68-4C87-AF9F-563C042912A1}.Release|x86.ActiveCfg = Release|Any CPU
		{A9479D35-CB68-4C87-AF9F-563C042912A1}.Release|x86.Build.0 = Release|Any CPU
		{A9479D35-CB68-4C87-AF9F-563C042912A1}.Release|x86.Deploy.0 = Release|Any CPU
		{D7AB7161-30C8-4FE0-9919-396376D7EF86}.Ad-Hoc|Any CPU.ActiveCfg = Ad-Hoc|iPhone
		{D7AB7161-30C8-4FE0-9919-396376D7EF86}.Ad-Hoc|Any CPU.Build.0 = Ad-Hoc|iPhone
		{D7AB7161-30C8-4FE0-9919-396376D7EF86}.Ad-Hoc|Any CPU.Deploy.0 = Ad-Hoc|iPhone
		{D7AB7161-30C8-4FE0-9919-396376D7EF86}.Ad-Hoc|ARM.ActiveCfg = Ad-Hoc|iPhone
		{D7AB7161-30C8-4FE0-9919-396376D7EF86}.Ad-Hoc|ARM.Build.0 = Ad-Hoc|iPhone
		{D7AB7161-30C8-4FE0-9919-396376D7EF86}.Ad-Hoc|ARM.Deploy.0 = Ad-Hoc|iPhone
		{D7AB7161-30C8-4FE0-9919-396376D7EF86}.Ad-Hoc|iPhone.ActiveCfg = Ad-Hoc|iPhone
		{D7AB7161-30C8-4FE0-9919-396376D7EF86}.Ad-Hoc|iPhone.Build.0 = Ad-Hoc|iPhone
		{D7AB7161-30C8-4FE0-9919-396376D7EF86}.Ad-Hoc|iPhone.Deploy.0 = Ad-Hoc|iPhone
		{D7AB7161-30C8-4FE0-9919-396376D7EF86}.Ad-Hoc|iPhoneSimulator.ActiveCfg = Ad-Hoc|iPhoneSimulator
		{D7AB7161-30C8-4FE0-9919-396376D7EF86}.Ad-Hoc|iPhoneSimulator.Build.0 = Ad-Hoc|iPhoneSimulator
		{D7AB7161-30C8-4FE0-9919-396376D7EF86}.Ad-Hoc|iPhoneSimulator.Deploy.0 = Ad-Hoc|iPhoneSimulator
		{D7AB7161-30C8-4FE0-9919-396376D7EF86}.Ad-Hoc|x64.ActiveCfg = Ad-Hoc|iPhone
		{D7AB7161-30C8-4FE0-9919-396376D7EF86}.Ad-Hoc|x64.Build.0 = Ad-Hoc|iPhone
		{D7AB7161-30C8-4FE0-9919-396376D7EF86}.Ad-Hoc|x64.Deploy.0 = Ad-Hoc|iPhone
		{D7AB7161-30C8-4FE0-9919-396376D7EF86}.Ad-Hoc|x86.ActiveCfg = Ad-Hoc|iPhone
		{D7AB7161-30C8-4FE0-9919-396376D7EF86}.Ad-Hoc|x86.Build.0 = Ad-Hoc|iPhone
		{D7AB7161-30C8-4FE0-9919-396376D7EF86}.Ad-Hoc|x86.Deploy.0 = Ad-Hoc|iPhone
		{D7AB7161-30C8-4FE0-9919-396376D7EF86}.AppStore|Any CPU.ActiveCfg = AppStore|iPhone
		{D7AB7161-30C8-4FE0-9919-396376D7EF86}.AppStore|Any CPU.Build.0 = AppStore|iPhone
		{D7AB7161-30C8-4FE0-9919-396376D7EF86}.AppStore|Any CPU.Deploy.0 = AppStore|iPhone
		{D7AB7161-30C8-4FE0-9919-396376D7EF86}.AppStore|ARM.ActiveCfg = AppStore|iPhone
		{D7AB7161-30C8-4FE0-9919-396376D7EF86}.AppStore|ARM.Build.0 = AppStore|iPhone
		{D7AB7161-30C8-4FE0-9919-396376D7EF86}.AppStore|ARM.Deploy.0 = AppStore|iPhone
		{D7AB7161-30C8-4FE0-9919-396376D7EF86}.AppStore|iPhone.ActiveCfg = AppStore|iPhone
		{D7AB7161-30C8-4FE0-9919-396376D7EF86}.AppStore|iPhone.Build.0 = AppStore|iPhone
		{D7AB7161-30C8-4FE0-9919-396376D7EF86}.AppStore|iPhone.Deploy.0 = AppStore|iPhone
		{D7AB7161-30C8-4FE0-9919-396376D7EF86}.AppStore|iPhoneSimulator.ActiveCfg = AppStore|iPhoneSimulator
		{D7AB7161-30C8-4FE0-9919-396376D7EF86}.AppStore|iPhoneSimulator.Build.0 = AppStore|iPhoneSimulator
		{D7AB7161-30C8-4FE0-9919-396376D7EF86}.AppStore|iPhoneSimulator.Deploy.0 = AppStore|iPhoneSimulator
		{D7AB7161-30C8-4FE0-9919-396376D7EF86}.AppStore|x64.ActiveCfg = AppStore|iPhone
		{D7AB7161-30C8-4FE0-9919-396376D7EF86}.AppStore|x64.Build.0 = AppStore|iPhone
		{D7AB7161-30C8-4FE0-9919-396376D7EF86}.AppStore|x64.Deploy.0 = AppStore|iPhone
		{D7AB7161-30C8-4FE0-9919-396376D7EF86}.AppStore|x86.ActiveCfg = AppStore|iPhone
		{D7AB7161-30C8-4FE0-9919-396376D7EF86}.AppStore|x86.Build.0 = AppStore|iPhone
		{D7AB7161-30C8-4FE0-9919-396376D7EF86}.AppStore|x86.Deploy.0 = AppStore|iPhone
		{D7AB7161-30C8-4FE0-9919-396376D7EF86}.Debug|Any CPU.ActiveCfg = Debug|iPhoneSimulator
		{D7AB7161-30C8-4FE0-9919-396376D7EF86}.Debug|Any CPU.Build.0 = Debug|iPhoneSimulator
		{D7AB7161-30C8-4FE0-9919-396376D7EF86}.Debug|Any CPU.Deploy.0 = Debug|iPhoneSimulator
		{D7AB7161-30C8-4FE0-9919-396376D7EF86}.Debug|ARM.ActiveCfg = Debug|iPhone
		{D7AB7161-30C8-4FE0-9919-396376D7EF86}.Debug|ARM.Build.0 = Debug|iPhone
		{D7AB7161-30C8-4FE0-9919-396376D7EF86}.Debug|ARM.Deploy.0 = Debug|iPhone
		{D7AB7161-30C8-4FE0-9919-396376D7EF86}.Debug|iPhone.ActiveCfg = Debug|iPhone
		{D7AB7161-30C8-4FE0-9919-396376D7EF86}.Debug|iPhone.Build.0 = Debug|iPhone
		{D7AB7161-30C8-4FE0-9919-396376D7EF86}.Debug|iPhone.Deploy.0 = Debug|iPhone
		{D7AB7161-30C8-4FE0-9919-396376D7EF86}.Debug|iPhoneSimulator.ActiveCfg = Debug|iPhoneSimulator
		{D7AB7161-30C8-4FE0-9919-396376D7EF86}.Debug|iPhoneSimulator.Build.0 = Debug|iPhoneSimulator
		{D7AB7161-30C8-4FE0-9919-396376D7EF86}.Debug|iPhoneSimulator.Deploy.0 = Debug|iPhoneSimulator
		{D7AB7161-30C8-4FE0-9919-396376D7EF86}.Debug|x64.ActiveCfg = Debug|iPhone
		{D7AB7161-30C8-4FE0-9919-396376D7EF86}.Debug|x64.Build.0 = Debug|iPhone
		{D7AB7161-30C8-4FE0-9919-396376D7EF86}.Debug|x64.Deploy.0 = Debug|iPhone
		{D7AB7161-30C8-4FE0-9919-396376D7EF86}.Debug|x86.ActiveCfg = Debug|iPhone
		{D7AB7161-30C8-4FE0-9919-396376D7EF86}.Debug|x86.Build.0 = Debug|iPhone
		{D7AB7161-30C8-4FE0-9919-396376D7EF86}.Debug|x86.Deploy.0 = Debug|iPhone
		{D7AB7161-30C8-4FE0-9919-396376D7EF86}.Release|Any CPU.ActiveCfg = Release|iPhone
		{D7AB7161-30C8-4FE0-9919-396376D7EF86}.Release|Any CPU.Build.0 = Release|iPhone
		{D7AB7161-30C8-4FE0-9919-396376D7EF86}.Release|Any CPU.Deploy.0 = Release|iPhone
		{D7AB7161-30C8-4FE0-9919-396376D7EF86}.Release|ARM.ActiveCfg = Release|iPhone
		{D7AB7161-30C8-4FE0-9919-396376D7EF86}.Release|ARM.Build.0 = Release|iPhone
		{D7AB7161-30C8-4FE0-9919-396376D7EF86}.Release|ARM.Deploy.0 = Release|iPhone
		{D7AB7161-30C8-4FE0-9919-396376D7EF86}.Release|iPhone.ActiveCfg = Release|iPhone
		{D7AB7161-30C8-4FE0-9919-396376D7EF86}.Release|iPhone.Build.0 = Release|iPhone
		{D7AB7161-30C8-4FE0-9919-396376D7EF86}.Release|iPhone.Deploy.0 = Release|iPhone
		{D7AB7161-30C8-4FE0-9919-396376D7EF86}.Release|iPhoneSimulator.ActiveCfg = Release|iPhoneSimulator
		{D7AB7161-30C8-4FE0-9919-396376D7EF86}.Release|iPhoneSimulator.Build.0 = Release|iPhoneSimulator
		{D7AB7161-30C8-4FE0-9919-396376D7EF86}.Release|iPhoneSimulator.Deploy.0 = Release|iPhoneSimulator
		{D7AB7161-30C8-4FE0-9919-396376D7EF86}.Release|x64.ActiveCfg = Release|iPhone
		{D7AB7161-30C8-4FE0-9919-396376D7EF86}.Release|x64.Build.0 = Release|iPhone
		{D7AB7161-30C8-4FE0-9919-396376D7EF86}.Release|x64.Deploy.0 = Release|iPhone
		{D7AB7161-30C8-4FE0-9919-396376D7EF86}.Release|x86.ActiveCfg = Release|iPhone
		{D7AB7161-30C8-4FE0-9919-396376D7EF86}.Release|x86.Build.0 = Release|iPhone
		{D7AB7161-30C8-4FE0-9919-396376D7EF86}.Release|x86.Deploy.0 = Release|iPhone
		{E444716F-A610-49EF-9645-0B72103627AF}.Ad-Hoc|Any CPU.ActiveCfg = Release|x86
		{E444716F-A610-49EF-9645-0B72103627AF}.Ad-Hoc|Any CPU.Build.0 = Release|x86
		{E444716F-A610-49EF-9645-0B72103627AF}.Ad-Hoc|Any CPU.Deploy.0 = Release|x86
		{E444716F-A610-49EF-9645-0B72103627AF}.Ad-Hoc|ARM.ActiveCfg = Release|ARM
		{E444716F-A610-49EF-9645-0B72103627AF}.Ad-Hoc|ARM.Build.0 = Release|ARM
		{E444716F-A610-49EF-9645-0B72103627AF}.Ad-Hoc|ARM.Deploy.0 = Release|ARM
		{E444716F-A610-49EF-9645-0B72103627AF}.Ad-Hoc|iPhone.ActiveCfg = Release|x86
		{E444716F-A610-49EF-9645-0B72103627AF}.Ad-Hoc|iPhone.Build.0 = Release|x86
		{E444716F-A610-49EF-9645-0B72103627AF}.Ad-Hoc|iPhone.Deploy.0 = Release|x86
		{E444716F-A610-49EF-9645-0B72103627AF}.Ad-Hoc|iPhoneSimulator.ActiveCfg = Release|x86
		{E444716F-A610-49EF-9645-0B72103627AF}.Ad-Hoc|iPhoneSimulator.Build.0 = Release|x86
		{E444716F-A610-49EF-9645-0B72103627AF}.Ad-Hoc|iPhoneSimulator.Deploy.0 = Release|x86
		{E444716F-A610-49EF-9645-0B72103627AF}.Ad-Hoc|x64.ActiveCfg = Release|x64
		{E444716F-A610-49EF-9645-0B72103627AF}.Ad-Hoc|x64.Build.0 = Release|x64
		{E444716F-A610-49EF-9645-0B72103627AF}.Ad-Hoc|x64.Deploy.0 = Release|x64
		{E444716F-A610-49EF-9645-0B72103627AF}.Ad-Hoc|x86.ActiveCfg = Release|x86
		{E444716F-A610-49EF-9645-0B72103627AF}.Ad-Hoc|x86.Build.0 = Release|x86
		{E444716F-A610-49EF-9645-0B72103627AF}.Ad-Hoc|x86.Deploy.0 = Release|x86
		{E444716F-A610-49EF-9645-0B72103627AF}.AppStore|Any CPU.ActiveCfg = Release|x86
		{E444716F-A610-49EF-9645-0B72103627AF}.AppStore|Any CPU.Build.0 = Release|x86
		{E444716F-A610-49EF-9645-0B72103627AF}.AppStore|Any CPU.Deploy.0 = Release|x86
		{E444716F-A610-49EF-9645-0B72103627AF}.AppStore|ARM.ActiveCfg = Release|ARM
		{E444716F-A610-49EF-9645-0B72103627AF}.AppStore|ARM.Build.0 = Release|ARM
		{E444716F-A610-49EF-9645-0B72103627AF}.AppStore|ARM.Deploy.0 = Release|ARM
		{E444716F-A610-49EF-9645-0B72103627AF}.AppStore|iPhone.ActiveCfg = Release|x86
		{E444716F-A610-49EF-9645-0B72103627AF}.AppStore|iPhone.Build.0 = Release|x86
		{E444716F-A610-49EF-9645-0B72103627AF}.AppStore|iPhone.Deploy.0 = Release|x86
		{E444716F-A610-49EF-9645-0B72103627AF}.AppStore|iPhoneSimulator.ActiveCfg = Release|x86
		{E444716F-A610-49EF-9645-0B72103627AF}.AppStore|iPhoneSimulator.Build.0 = Release|x86
		{E444716F-A610-49EF-9645-0B72103627AF}.AppStore|iPhoneSimulator.Deploy.0 = Release|x86
		{E444716F-A610-49EF-9645-0B72103627AF}.AppStore|x64.ActiveCfg = Release|x64
		{E444716F-A610-49EF-9645-0B72103627AF}.AppStore|x64.Build.0 = Release|x64
		{E444716F-A610-49EF-9645-0B72103627AF}.AppStore|x64.Deploy.0 = Release|x64
		{E444716F-A610-49EF-9645-0B72103627AF}.AppStore|x86.ActiveCfg = Release|x86
		{E444716F-A610-49EF-9645-0B72103627AF}.AppStore|x86.Build.0 = Release|x86
		{E444716F-A610-49EF-9645-0B72103627AF}.AppStore|x86.Deploy.0 = Release|x86
		{E444716F-A610-49EF-9645-0B72103627AF}.Debug|Any CPU.ActiveCfg = Debug|x86
		{E444716F-A610-49EF-9645-0B72103627AF}.Debug|Any CPU.Build.0 = Debug|x86
		{E444716F-A610-49EF-9645-0B72103627AF}.Debug|Any CPU.Deploy.0 = Debug|x86
		{E444716F-A610-49EF-9645-0B72103627AF}.Debug|ARM.ActiveCfg = Debug|ARM
		{E444716F-A610-49EF-9645-0B72103627AF}.Debug|ARM.Build.0 = Debug|ARM
		{E444716F-A610-49EF-9645-0B72103627AF}.Debug|ARM.Deploy.0 = Debug|ARM
		{E444716F-A610-49EF-9645-0B72103627AF}.Debug|iPhone.ActiveCfg = Debug|x86
		{E444716F-A610-49EF-9645-0B72103627AF}.Debug|iPhone.Build.0 = Debug|x86
		{E444716F-A610-49EF-9645-0B72103627AF}.Debug|iPhone.Deploy.0 = Debug|x86
		{E444716F-A610-49EF-9645-0B72103627AF}.Debug|iPhoneSimulator.ActiveCfg = Debug|x86
		{E444716F-A610-49EF-9645-0B72103627AF}.Debug|iPhoneSimulator.Build.0 = Debug|x86
		{E444716F-A610-49EF-9645-0B72103627AF}.Debug|iPhoneSimulator.Deploy.0 = Debug|x86
		{E444716F-A610-49EF-9645-0B72103627AF}.Debug|x64.ActiveCfg = Debug|x64
		{E444716F-A610-49EF-9645-0B72103627AF}.Debug|x64.Build.0 = Debug|x64
		{E444716F-A610-49EF-9645-0B72103627AF}.Debug|x64.Deploy.0 = Debug|x64
		{E444716F-A610-49EF-9645-0B72103627AF}.Debug|x86.ActiveCfg = Debug|x86
		{E444716F-A610-49EF-9645-0B72103627AF}.Debug|x86.Build.0 = Debug|x86
		{E444716F-A610-49EF-9645-0B72103627AF}.Debug|x86.Deploy.0 = Debug|x86
		{E444716F-A610-49EF-9645-0B72103627AF}.Release|Any CPU.ActiveCfg = Release|x86
		{E444716F-A610-49EF-9645-0B72103627AF}.Release|Any CPU.Build.0 = Release|x86
		{E444716F-A610-49EF-9645-0B72103627AF}.Release|Any CPU.Deploy.0 = Release|x86
		{E444716F-A610-49EF-9645-0B72103627AF}.Release|ARM.ActiveCfg = Release|ARM
		{E444716F-A610-49EF-9645-0B72103627AF}.Release|ARM.Build.0 = Release|ARM
		{E444716F-A610-49EF-9645-0B72103627AF}.Release|ARM.Deploy.0 = Release|ARM
		{E444716F-A610-49EF-9645-0B72103627AF}.Release|iPhone.ActiveCfg = Release|x86
		{E444716F-A610-49EF-9645-0B72103627AF}.Release|iPhone.Build.0 = Release|x86
		{E444716F-A610-49EF-9645-0B72103627AF}.Release|iPhone.Deploy.0 = Release|x86
		{E444716F-A610-49EF-9645-0B72103627AF}.Release|iPhoneSimulator.ActiveCfg = Release|x86
		{E444716F-A610-49EF-9645-0B72103627AF}.Release|iPhoneSimulator.Build.0 = Release|x86
		{E444716F-A610-49EF-9645-0B72103627AF}.Release|iPhoneSimulator.Deploy.0 = Release|x86
		{E444716F-A610-49EF-9645-0B72103627AF}.Release|x64.ActiveCfg = Release|x64
		{E444716F-A610-49EF-9645-0B72103627AF}.Release|x64.Build.0 = Release|x64
		{E444716F-A610-49EF-9645-0B72103627AF}.Release|x64.Deploy.0 = Release|x64
		{E444716F-A610-49EF-9645-0B72103627AF}.Release|x86.ActiveCfg = Release|x86
		{E444716F-A610-49EF-9645-0B72103627AF}.Release|x86.Build.0 = Release|x86
		{E444716F-A610-49EF-9645-0B72103627AF}.Release|x86.Deploy.0 = Release|x86
		{0ACE60B2-1E08-4D95-9BA3-A41F604ADC70}.Ad-Hoc|Any CPU.ActiveCfg = Debug|Any CPU
		{0ACE60B2-1E08-4D95-9BA3-A41F604ADC70}.Ad-Hoc|Any CPU.Build.0 = Debug|Any CPU
		{0ACE60B2-1E08-4D95-9BA3-A41F604ADC70}.Ad-Hoc|Any CPU.Deploy.0 = Debug|Any CPU
		{0ACE60B2-1E08-4D95-9BA3-A41F604ADC70}.Ad-Hoc|ARM.ActiveCfg = Debug|Any CPU
		{0ACE60B2-1E08-4D95-9BA3-A41F604ADC70}.Ad-Hoc|ARM.Build.0 = Debug|Any CPU
		{0ACE60B2-1E08-4D95-9BA3-A41F604ADC70}.Ad-Hoc|ARM.Deploy.0 = Debug|Any CPU
		{0ACE60B2-1E08-4D95-9BA3-A41F604ADC70}.Ad-Hoc|iPhone.ActiveCfg = Debug|Any CPU
		{0ACE60B2-1E08-4D95-9BA3-A41F604ADC70}.Ad-Hoc|iPhone.Build.0 = Debug|Any CPU
		{0ACE60B2-1E08-4D95-9BA3-A41F604ADC70}.Ad-Hoc|iPhone.Deploy.0 = Debug|Any CPU
		{0ACE60B2-1E08-4D95-9BA3-A41F604ADC70}.Ad-Hoc|iPhoneSimulator.ActiveCfg = Debug|Any CPU
		{0ACE60B2-1E08-4D95-9BA3-A41F604ADC70}.Ad-Hoc|iPhoneSimulator.Build.0 = Debug|Any CPU
		{0ACE60B2-1E08-4D95-9BA3-A41F604ADC70}.Ad-Hoc|iPhoneSimulator.Deploy.0 = Debug|Any CPU
		{0ACE60B2-1E08-4D95-9BA3-A41F604ADC70}.Ad-Hoc|x64.ActiveCfg = Debug|Any CPU
		{0ACE60B2-1E08-4D95-9BA3-A41F604ADC70}.Ad-Hoc|x64.Build.0 = Debug|Any CPU
		{0ACE60B2-1E08-4D95-9BA3-A41F604ADC70}.Ad-Hoc|x64.Deploy.0 = Debug|Any CPU
		{0ACE60B2-1E08-4D95-9BA3-A41F604ADC70}.Ad-Hoc|x86.ActiveCfg = Debug|Any CPU
		{0ACE60B2-1E08-4D95-9BA3-A41F604ADC70}.Ad-Hoc|x86.Build.0 = Debug|Any CPU
		{0ACE60B2-1E08-4D95-9BA3-A41F604ADC70}.Ad-Hoc|x86.Deploy.0 = Debug|Any CPU
		{0ACE60B2-1E08-4D95-9BA3-A41F604ADC70}.AppStore|Any CPU.ActiveCfg = Debug|Any CPU
		{0ACE60B2-1E08-4D95-9BA3-A41F604ADC70}.AppStore|Any CPU.Build.0 = Debug|Any CPU
		{0ACE60B2-1E08-4D95-9BA3-A41F604ADC70}.AppStore|Any CPU.Deploy.0 = Debug|Any CPU
		{0ACE60B2-1E08-4D95-9BA3-A41F604ADC70}.AppStore|ARM.ActiveCfg = Debug|Any CPU
		{0ACE60B2-1E08-4D95-9BA3-A41F604ADC70}.AppStore|ARM.Build.0 = Debug|Any CPU
		{0ACE60B2-1E08-4D95-9BA3-A41F604ADC70}.AppStore|ARM.Deploy.0 = Debug|Any CPU
		{0ACE60B2-1E08-4D95-9BA3-A41F604ADC70}.AppStore|iPhone.ActiveCfg = Debug|Any CPU
		{0ACE60B2-1E08-4D95-9BA3-A41F604ADC70}.AppStore|iPhone.Build.0 = Debug|Any CPU
		{0ACE60B2-1E08-4D95-9BA3-A41F604ADC70}.AppStore|iPhone.Deploy.0 = Debug|Any CPU
		{0ACE60B2-1E08-4D95-9BA3-A41F604ADC70}.AppStore|iPhoneSimulator.ActiveCfg = Debug|Any CPU
		{0ACE60B2-1E08-4D95-9BA3-A41F604ADC70}.AppStore|iPhoneSimulator.Build.0 = Debug|Any CPU
		{0ACE60B2-1E08-4D95-9BA3-A41F604ADC70}.AppStore|iPhoneSimulator.Deploy.0 = Debug|Any CPU
		{0ACE60B2-1E08-4D95-9BA3-A41F604ADC70}.AppStore|x64.ActiveCfg = Debug|Any CPU
		{0ACE60B2-1E08-4D95-9BA3-A41F604ADC70}.AppStore|x64.Build.0 = Debug|Any CPU
		{0ACE60B2-1E08-4D95-9BA3-A41F604ADC70}.AppStore|x64.Deploy.0 = Debug|Any CPU
		{0ACE60B2-1E08-4D95-9BA3-A41F604ADC70}.AppStore|x86.ActiveCfg = Debug|Any CPU
		{0ACE60B2-1E08-4D95-9BA3-A41F604ADC70}.AppStore|x86.Build.0 = Debug|Any CPU
		{0ACE60B2-1E08-4D95-9BA3-A41F604ADC70}.AppStore|x86.Deploy.0 = Debug|Any CPU
		{0ACE60B2-1E08-4D95-9BA3-A41F604ADC70}.Debug|Any CPU.ActiveCfg = Debug|Any CPU
		{0ACE60B2-1E08-4D95-9BA3-A41F604ADC70}.Debug|Any CPU.Build.0 = Debug|Any CPU
		{0ACE60B2-1E08-4D95-9BA3-A41F604ADC70}.Debug|Any CPU.Deploy.0 = Debug|Any CPU
		{0ACE60B2-1E08-4D95-9BA3-A41F604ADC70}.Debug|ARM.ActiveCfg = Debug|Any CPU
		{0ACE60B2-1E08-4D95-9BA3-A41F604ADC70}.Debug|ARM.Build.0 = Debug|Any CPU
		{0ACE60B2-1E08-4D95-9BA3-A41F604ADC70}.Debug|ARM.Deploy.0 = Debug|Any CPU
		{0ACE60B2-1E08-4D95-9BA3-A41F604ADC70}.Debug|iPhone.ActiveCfg = Debug|Any CPU
		{0ACE60B2-1E08-4D95-9BA3-A41F604ADC70}.Debug|iPhone.Build.0 = Debug|Any CPU
		{0ACE60B2-1E08-4D95-9BA3-A41F604ADC70}.Debug|iPhone.Deploy.0 = Debug|Any CPU
		{0ACE60B2-1E08-4D95-9BA3-A41F604ADC70}.Debug|iPhoneSimulator.ActiveCfg = Debug|Any CPU
		{0ACE60B2-1E08-4D95-9BA3-A41F604ADC70}.Debug|iPhoneSimulator.Build.0 = Debug|Any CPU
		{0ACE60B2-1E08-4D95-9BA3-A41F604ADC70}.Debug|iPhoneSimulator.Deploy.0 = Debug|Any CPU
		{0ACE60B2-1E08-4D95-9BA3-A41F604ADC70}.Debug|x64.ActiveCfg = Debug|Any CPU
		{0ACE60B2-1E08-4D95-9BA3-A41F604ADC70}.Debug|x64.Build.0 = Debug|Any CPU
		{0ACE60B2-1E08-4D95-9BA3-A41F604ADC70}.Debug|x64.Deploy.0 = Debug|Any CPU
		{0ACE60B2-1E08-4D95-9BA3-A41F604ADC70}.Debug|x86.ActiveCfg = Debug|Any CPU
		{0ACE60B2-1E08-4D95-9BA3-A41F604ADC70}.Debug|x86.Build.0 = Debug|Any CPU
		{0ACE60B2-1E08-4D95-9BA3-A41F604ADC70}.Debug|x86.Deploy.0 = Debug|Any CPU
		{0ACE60B2-1E08-4D95-9BA3-A41F604ADC70}.Release|Any CPU.ActiveCfg = Release|Any CPU
		{0ACE60B2-1E08-4D95-9BA3-A41F604ADC70}.Release|Any CPU.Build.0 = Release|Any CPU
		{0ACE60B2-1E08-4D95-9BA3-A41F604ADC70}.Release|Any CPU.Deploy.0 = Release|Any CPU
		{0ACE60B2-1E08-4D95-9BA3-A41F604ADC70}.Release|ARM.ActiveCfg = Release|Any CPU
		{0ACE60B2-1E08-4D95-9BA3-A41F604ADC70}.Release|ARM.Build.0 = Release|Any CPU
		{0ACE60B2-1E08-4D95-9BA3-A41F604ADC70}.Release|ARM.Deploy.0 = Release|Any CPU
		{0ACE60B2-1E08-4D95-9BA3-A41F604ADC70}.Release|iPhone.ActiveCfg = Release|Any CPU
		{0ACE60B2-1E08-4D95-9BA3-A41F604ADC70}.Release|iPhone.Build.0 = Release|Any CPU
		{0ACE60B2-1E08-4D95-9BA3-A41F604ADC70}.Release|iPhone.Deploy.0 = Release|Any CPU
		{0ACE60B2-1E08-4D95-9BA3-A41F604ADC70}.Release|iPhoneSimulator.ActiveCfg = Release|Any CPU
		{0ACE60B2-1E08-4D95-9BA3-A41F604ADC70}.Release|iPhoneSimulator.Build.0 = Release|Any CPU
		{0ACE60B2-1E08-4D95-9BA3-A41F604ADC70}.Release|iPhoneSimulator.Deploy.0 = Release|Any CPU
		{0ACE60B2-1E08-4D95-9BA3-A41F604ADC70}.Release|x64.ActiveCfg = Release|Any CPU
		{0ACE60B2-1E08-4D95-9BA3-A41F604ADC70}.Release|x64.Build.0 = Release|Any CPU
		{0ACE60B2-1E08-4D95-9BA3-A41F604ADC70}.Release|x64.Deploy.0 = Release|Any CPU
		{0ACE60B2-1E08-4D95-9BA3-A41F604ADC70}.Release|x86.ActiveCfg = Release|Any CPU
		{0ACE60B2-1E08-4D95-9BA3-A41F604ADC70}.Release|x86.Build.0 = Release|Any CPU
		{0ACE60B2-1E08-4D95-9BA3-A41F604ADC70}.Release|x86.Deploy.0 = Release|Any CPU
	EndGlobalSection
	GlobalSection(SolutionProperties) = preSolution
		HideSolutionNode = FALSE
	EndGlobalSection
	GlobalSection(ExtensibilityGlobals) = postSolution
		SolutionGuid = {9E12D775-B7DC-448C-9C1A-A1ABB504EA4A}
	EndGlobalSection
EndGlobal
